
Microsoft Visual Studio Solution File, Format Version 12.00
# Visual Studio Version 17
VisualStudioVersion = 17.1.32414.318
MinimumVisualStudioVersion = 10.0.40219.1
Project("{FAE04EC0-301F-11D3-BF4B-00C04F79EFBC}") = "FlashCard", "FlashCard\FlashCard.csproj", "{7BB6A1EC-4986-4A22-BB49-8F5E8D930A04}"
EndProject
Global
	GlobalSection(SolutionConfigurationPlatforms) = preSolution
		Debug|Any CPU = Debug|Any CPU
		Release|Any CPU = Release|Any CPU
	EndGlobalSection
	GlobalSection(ProjectConfigurationPlatforms) = postSolution
		{7BB6A1EC-4986-4A22-BB49-8F5E8D930A04}.Debug|Any CPU.ActiveCfg = Debug|Any CPU
		{7BB6A1EC-4986-4A22-BB49-8F5E8D930A04}.Debug|Any CPU.Build.0 = Debug|Any CPU
		{7BB6A1EC-4986-4A22-BB49-8F5E8D930A04}.Release|Any CPU.ActiveCfg = Release|Any CPU
		{7BB6A1EC-4986-4A22-BB49-8F5E8D930A04}.Release|Any CPU.Build.0 = Release|Any CPU
	EndGlobalSection
	GlobalSection(SolutionProperties) = preSolution
		HideSolutionNode = FALSE
	EndGlobalSection
	GlobalSection(ExtensibilityGlobals) = postSolution
		SolutionGuid = {61A016F3-1739-4A0C-91B5-BAEC085277B3}
	EndGlobalSection
EndGlobal
